// !$*UTF8*$!
{
	archiveVersion = 1;
	classes = {
	};
	objectVersion = 56;
	objects = {

/* Begin PBXBuildFile section */
		87680E162B2D93D200CF30F7 /* TodoApp.swift in Sources */ = {isa = PBXBuildFile; fileRef = 87680E152B2D93D200CF30F7 /* TodoApp.swift */; };
		87680E1A2B2D93D400CF30F7 /* Assets.xcassets in Resources */ = {isa = PBXBuildFile; fileRef = 87680E192B2D93D400CF30F7 /* Assets.xcassets */; };
		87680E1D2B2D93D400CF30F7 /* Preview Assets.xcassets in Resources */ = {isa = PBXBuildFile; fileRef = 87680E1C2B2D93D400CF30F7 /* Preview Assets.xcassets */; };
		87680E252B2D94DC00CF30F7 /* ListView.swift in Sources */ = {isa = PBXBuildFile; fileRef = 87680E242B2D94DC00CF30F7 /* ListView.swift */; };
		8778FEDB2B2FF2D000B9C08C /* Haptic.swift in Sources */ = {isa = PBXBuildFile; fileRef = 8778FEDA2B2FF2D000B9C08C /* Haptic.swift */; };
		8778FEDD2B30237200B9C08C /* NoListView.swift in Sources */ = {isa = PBXBuildFile; fileRef = 8778FEDC2B30237200B9C08C /* NoListView.swift */; };
		8778FEE02B3077DB00B9C08C /* ListDetailView.swift in Sources */ = {isa = PBXBuildFile; fileRef = 8778FEDF2B3077DB00B9C08C /* ListDetailView.swift */; };
		8778FEE22B316CEE00B9C08C /* SettingView.swift in Sources */ = {isa = PBXBuildFile; fileRef = 8778FEE12B316CEE00B9C08C /* SettingView.swift */; };
		8778FEE42B316F2E00B9C08C /* SettingRowView.swift in Sources */ = {isa = PBXBuildFile; fileRef = 8778FEE32B316F2E00B9C08C /* SettingRowView.swift */; };
		8778FEE72B3183BC00B9C08C /* BetterSafariView in Frameworks */ = {isa = PBXBuildFile; productRef = 8778FEE62B3183BC00B9C08C /* BetterSafariView */; };
		8778FEEA2B31A48700B9C08C /* AboutMeSheetView.swift in Sources */ = {isa = PBXBuildFile; fileRef = 8778FEE92B31A48700B9C08C /* AboutMeSheetView.swift */; };
		8778FEEE2B31A4C000B9C08C /* DesignSheetView.swift in Sources */ = {isa = PBXBuildFile; fileRef = 8778FEED2B31A4C000B9C08C /* DesignSheetView.swift */; };
		879C70152B2D97DD005F5CB7 /* ListData.swift in Sources */ = {isa = PBXBuildFile; fileRef = 879C70142B2D97DD005F5CB7 /* ListData.swift */; };
		879C70172B2DE08B005F5CB7 /* ListRowView.swift in Sources */ = {isa = PBXBuildFile; fileRef = 879C70162B2DE08B005F5CB7 /* ListRowView.swift */; };
		879C70192B2DE2B7005F5CB7 /* AddTodoSheetView.swift in Sources */ = {isa = PBXBuildFile; fileRef = 879C70182B2DE2B7005F5CB7 /* AddTodoSheetView.swift */; };
/* End PBXBuildFile section */

/* Begin PBXFileReference section */
		87680E122B2D93D200CF30F7 /* Todo.app */ = {isa = PBXFileReference; explicitFileType = wrapper.application; includeInIndex = 0; path = Todo.app; sourceTree = BUILT_PRODUCTS_DIR; };
		87680E152B2D93D200CF30F7 /* TodoApp.swift */ = {isa = PBXFileReference; lastKnownFileType = sourcecode.swift; path = TodoApp.swift; sourceTree = "<group>"; };
		87680E192B2D93D400CF30F7 /* Assets.xcassets */ = {isa = PBXFileReference; lastKnownFileType = folder.assetcatalog; path = Assets.xcassets; sourceTree = "<group>"; };
		87680E1C2B2D93D400CF30F7 /* Preview Assets.xcassets */ = {isa = PBXFileReference; lastKnownFileType = folder.assetcatalog; path = "Preview Assets.xcassets"; sourceTree = "<group>"; };
		87680E242B2D94DC00CF30F7 /* ListView.swift */ = {isa = PBXFileReference; lastKnownFileType = sourcecode.swift; path = ListView.swift; sourceTree = "<group>"; };
		8778FEDA2B2FF2D000B9C08C /* Haptic.swift */ = {isa = PBXFileReference; lastKnownFileType = sourcecode.swift; path = Haptic.swift; sourceTree = "<group>"; };
		8778FEDC2B30237200B9C08C /* NoListView.swift */ = {isa = PBXFileReference; lastKnownFileType = sourcecode.swift; path = NoListView.swift; sourceTree = "<group>"; };
		8778FEDF2B3077DB00B9C08C /* ListDetailView.swift */ = {isa = PBXFileReference; lastKnownFileType = sourcecode.swift; path = ListDetailView.swift; sourceTree = "<group>"; };
		8778FEE12B316CEE00B9C08C /* SettingView.swift */ = {isa = PBXFileReference; lastKnownFileType = sourcecode.swift; path = SettingView.swift; sourceTree = "<group>"; };
		8778FEE32B316F2E00B9C08C /* SettingRowView.swift */ = {isa = PBXFileReference; lastKnownFileType = sourcecode.swift; path = SettingRowView.swift; sourceTree = "<group>"; };
		8778FEE92B31A48700B9C08C /* AboutMeSheetView.swift */ = {isa = PBXFileReference; lastKnownFileType = sourcecode.swift; path = AboutMeSheetView.swift; sourceTree = "<group>"; };
		8778FEED2B31A4C000B9C08C /* DesignSheetView.swift */ = {isa = PBXFileReference; lastKnownFileType = sourcecode.swift; path = DesignSheetView.swift; sourceTree = "<group>"; };
		879C70142B2D97DD005F5CB7 /* ListData.swift */ = {isa = PBXFileReference; lastKnownFileType = sourcecode.swift; path = ListData.swift; sourceTree = "<group>"; };
		879C70162B2DE08B005F5CB7 /* ListRowView.swift */ = {isa = PBXFileReference; lastKnownFileType = sourcecode.swift; path = ListRowView.swift; sourceTree = "<group>"; };
		879C70182B2DE2B7005F5CB7 /* AddTodoSheetView.swift */ = {isa = PBXFileReference; lastKnownFileType = sourcecode.swift; path = AddTodoSheetView.swift; sourceTree = "<group>"; };
/* End PBXFileReference section */

/* Begin PBXFrameworksBuildPhase section */
		87680E0F2B2D93D200CF30F7 /* Frameworks */ = {
			isa = PBXFrameworksBuildPhase;
			buildActionMask = 2147483647;
			files = (
				8778FEE72B3183BC00B9C08C /* BetterSafariView in Frameworks */,
			);
			runOnlyForDeploymentPostprocessing = 0;
		};
/* End PBXFrameworksBuildPhase section */

/* Begin PBXGroup section */
		87680E092B2D93D100CF30F7 = {
			isa = PBXGroup;
			children = (
				87680E142B2D93D200CF30F7 /* Todo */,
				87680E132B2D93D200CF30F7 /* Products */,
			);
			sourceTree = "<group>";
		};
		87680E132B2D93D200CF30F7 /* Products */ = {
			isa = PBXGroup;
			children = (
				87680E122B2D93D200CF30F7 /* Todo.app */,
			);
			name = Products;
			sourceTree = "<group>";
		};
		87680E142B2D93D200CF30F7 /* Todo */ = {
			isa = PBXGroup;
			children = (
				87680E152B2D93D200CF30F7 /* TodoApp.swift */,
				879C70142B2D97DD005F5CB7 /* ListData.swift */,
				8778FEDE2B3031EF00B9C08C /* Components */,
				8778FED92B2FF1AC00B9C08C /* FrameWork */,
				87680E232B2D94BD00CF30F7 /* Views */,
				87680E192B2D93D400CF30F7 /* Assets.xcassets */,
				87680E1B2B2D93D400CF30F7 /* Preview Content */,
			);
			path = Todo;
			sourceTree = "<group>";
		};
		87680E1B2B2D93D400CF30F7 /* Preview Content */ = {
			isa = PBXGroup;
			children = (
				87680E1C2B2D93D400CF30F7 /* Preview Assets.xcassets */,
			);
			path = "Preview Content";
			sourceTree = "<group>";
		};
		87680E232B2D94BD00CF30F7 /* Views */ = {
			isa = PBXGroup;
			children = (
				87680E242B2D94DC00CF30F7 /* ListView.swift */,
				8778FEE12B316CEE00B9C08C /* SettingView.swift */,
				8778FEDF2B3077DB00B9C08C /* ListDetailView.swift */,
				8778FEE82B31A03D00B9C08C /* SheetViews */,
			);
			path = Views;
			sourceTree = "<group>";
		};
		8778FED92B2FF1AC00B9C08C /* FrameWork */ = {
			isa = PBXGroup;
			children = (
				8778FEDA2B2FF2D000B9C08C /* Haptic.swift */,
			);
			path = FrameWork;
			sourceTree = "<group>";
		};
		8778FEDE2B3031EF00B9C08C /* Components */ = {
			isa = PBXGroup;
			children = (
				8778FEDC2B30237200B9C08C /* NoListView.swift */,
				879C70162B2DE08B005F5CB7 /* ListRowView.swift */,
				8778FEE32B316F2E00B9C08C /* SettingRowView.swift */,
			);
			path = Components;
			sourceTree = "<group>";
		};
		8778FEE82B31A03D00B9C08C /* SheetViews */ = {
			isa = PBXGroup;
			children = (
				879C70182B2DE2B7005F5CB7 /* AddTodoSheetView.swift */,
				8778FEE92B31A48700B9C08C /* AboutMeSheetView.swift */,
				8778FEED2B31A4C000B9C08C /* DesignSheetView.swift */,
			);
			path = SheetViews;
			sourceTree = "<group>";
		};
/* End PBXGroup section */

/* Begin PBXNativeTarget section */
		87680E112B2D93D200CF30F7 /* Todo */ = {
			isa = PBXNativeTarget;
			buildConfigurationList = 87680E202B2D93D400CF30F7 /* Build configuration list for PBXNativeTarget "Todo" */;
			buildPhases = (
				87680E0E2B2D93D200CF30F7 /* Sources */,
				87680E0F2B2D93D200CF30F7 /* Frameworks */,
				87680E102B2D93D200CF30F7 /* Resources */,
			);
			buildRules = (
			);
			dependencies = (
			);
			name = Todo;
			packageProductDependencies = (
				8778FEE62B3183BC00B9C08C /* BetterSafariView */,
			);
			productName = Todo;
			productReference = 87680E122B2D93D200CF30F7 /* Todo.app */;
			productType = "com.apple.product-type.application";
		};
/* End PBXNativeTarget section */

/* Begin PBXProject section */
		87680E0A2B2D93D100CF30F7 /* Project object */ = {
			isa = PBXProject;
			attributes = {
				BuildIndependentTargetsInParallel = 1;
				LastSwiftUpdateCheck = 1420;
				LastUpgradeCheck = 1420;
				TargetAttributes = {
					87680E112B2D93D200CF30F7 = {
						CreatedOnToolsVersion = 14.2;
					};
				};
			};
			buildConfigurationList = 87680E0D2B2D93D100CF30F7 /* Build configuration list for PBXProject "Todo" */;
			compatibilityVersion = "Xcode 14.0";
			developmentRegion = en;
			hasScannedForEncodings = 0;
			knownRegions = (
				en,
				Base,
			);
			mainGroup = 87680E092B2D93D100CF30F7;
			packageReferences = (
				8778FEE52B3183BC00B9C08C /* XCRemoteSwiftPackageReference "BetterSafariView" */,
			);
			productRefGroup = 87680E132B2D93D200CF30F7 /* Products */;
			projectDirPath = "";
			projectRoot = "";
			targets = (
				87680E112B2D93D200CF30F7 /* Todo */,
			);
		};
/* End PBXProject section */

/* Begin PBXResourcesBuildPhase section */
		87680E102B2D93D200CF30F7 /* Resources */ = {
			isa = PBXResourcesBuildPhase;
			buildActionMask = 2147483647;
			files = (
				87680E1D2B2D93D400CF30F7 /* Preview Assets.xcassets in Resources */,
				87680E1A2B2D93D400CF30F7 /* Assets.xcassets in Resources */,
			);
			runOnlyForDeploymentPostprocessing = 0;
		};
/* End PBXResourcesBuildPhase section */

/* Begin PBXSourcesBuildPhase section */
		87680E0E2B2D93D200CF30F7 /* Sources */ = {
			isa = PBXSourcesBuildPhase;
			buildActionMask = 2147483647;
			files = (
				879C70192B2DE2B7005F5CB7 /* AddTodoSheetView.swift in Sources */,
				87680E162B2D93D200CF30F7 /* TodoApp.swift in Sources */,
				87680E252B2D94DC00CF30F7 /* ListView.swift in Sources */,
				8778FEE22B316CEE00B9C08C /* SettingView.swift in Sources */,
				8778FEEA2B31A48700B9C08C /* AboutMeSheetView.swift in Sources */,
				8778FEE42B316F2E00B9C08C /* SettingRowView.swift in Sources */,
				8778FEEE2B31A4C000B9C08C /* DesignSheetView.swift in Sources */,
				879C70152B2D97DD005F5CB7 /* ListData.swift in Sources */,
				879C70172B2DE08B005F5CB7 /* ListRowView.swift in Sources */,
				8778FEE02B3077DB00B9C08C /* ListDetailView.swift in Sources */,
				8778FEDB2B2FF2D000B9C08C /* Haptic.swift in Sources */,
				8778FEDD2B30237200B9C08C /* NoListView.swift in Sources */,
			);
			runOnlyForDeploymentPostprocessing = 0;
		};
/* End PBXSourcesBuildPhase section */

/* Begin XCBuildConfiguration section */
		87680E1E2B2D93D400CF30F7 /* Debug */ = {
			isa = XCBuildConfiguration;
			buildSettings = {
				ALWAYS_SEARCH_USER_PATHS = NO;
				CLANG_ANALYZER_NONNULL = YES;
				CLANG_ANALYZER_NUMBER_OBJECT_CONVERSION = YES_AGGRESSIVE;
				CLANG_CXX_LANGUAGE_STANDARD = "gnu++20";
				CLANG_ENABLE_MODULES = YES;
				CLANG_ENABLE_OBJC_ARC = YES;
				CLANG_ENABLE_OBJC_WEAK = YES;
				CLANG_WARN_BLOCK_CAPTURE_AUTORELEASING = YES;
				CLANG_WARN_BOOL_CONVERSION = YES;
				CLANG_WARN_COMMA = YES;
				CLANG_WARN_CONSTANT_CONVERSION = YES;
				CLANG_WARN_DEPRECATED_OBJC_IMPLEMENTATIONS = YES;
				CLANG_WARN_DIRECT_OBJC_ISA_USAGE = YES_ERROR;
				CLANG_WARN_DOCUMENTATION_COMMENTS = YES;
				CLANG_WARN_EMPTY_BODY = YES;
				CLANG_WARN_ENUM_CONVERSION = YES;
				CLANG_WARN_INFINITE_RECURSION = YES;
				CLANG_WARN_INT_CONVERSION = YES;
				CLANG_WARN_NON_LITERAL_NULL_CONVERSION = YES;
				CLANG_WARN_OBJC_IMPLICIT_RETAIN_SELF = YES;
				CLANG_WARN_OBJC_LITERAL_CONVERSION = YES;
				CLANG_WARN_OBJC_ROOT_CLASS = YES_ERROR;
				CLANG_WARN_QUOTED_INCLUDE_IN_FRAMEWORK_HEADER = YES;
				CLANG_WARN_RANGE_LOOP_ANALYSIS = YES;
				CLANG_WARN_STRICT_PROTOTYPES = YES;
				CLANG_WARN_SUSPICIOUS_MOVE = YES;
				CLANG_WARN_UNGUARDED_AVAILABILITY = YES_AGGRESSIVE;
				CLANG_WARN_UNREACHABLE_CODE = YES;
				CLANG_WARN__DUPLICATE_METHOD_MATCH = YES;
				COPY_PHASE_STRIP = NO;
				DEBUG_INFORMATION_FORMAT = dwarf;
				ENABLE_STRICT_OBJC_MSGSEND = YES;
				ENABLE_TESTABILITY = YES;
				GCC_C_LANGUAGE_STANDARD = gnu11;
				GCC_DYNAMIC_NO_PIC = NO;
				GCC_NO_COMMON_BLOCKS = YES;
				GCC_OPTIMIZATION_LEVEL = 0;
				GCC_PREPROCESSOR_DEFINITIONS = (
					"DEBUG=1",
					"$(inherited)",
				);
				GCC_WARN_64_TO_32_BIT_CONVERSION = YES;
				GCC_WARN_ABOUT_RETURN_TYPE = YES_ERROR;
				GCC_WARN_UNDECLARED_SELECTOR = YES;
				GCC_WARN_UNINITIALIZED_AUTOS = YES_AGGRESSIVE;
				GCC_WARN_UNUSED_FUNCTION = YES;
				GCC_WARN_UNUSED_VARIABLE = YES;
				IPHONEOS_DEPLOYMENT_TARGET = 16.2;
				MTL_ENABLE_DEBUG_INFO = INCLUDE_SOURCE;
				MTL_FAST_MATH = YES;
				ONLY_ACTIVE_ARCH = YES;
				SDKROOT = iphoneos;
				SWIFT_ACTIVE_COMPILATION_CONDITIONS = DEBUG;
				SWIFT_OPTIMIZATION_LEVEL = "-Onone";
			};
			name = Debug;
		};
		87680E1F2B2D93D400CF30F7 /* Release */ = {
			isa = XCBuildConfiguration;
			buildSettings = {
				ALWAYS_SEARCH_USER_PATHS = NO;
				CLANG_ANALYZER_NONNULL = YES;
				CLANG_ANALYZER_NUMBER_OBJECT_CONVERSION = YES_AGGRESSIVE;
				CLANG_CXX_LANGUAGE_STANDARD = "gnu++20";
				CLANG_ENABLE_MODULES = YES;
				CLANG_ENABLE_OBJC_ARC = YES;
				CLANG_ENABLE_OBJC_WEAK = YES;
				CLANG_WARN_BLOCK_CAPTURE_AUTORELEASING = YES;
				CLANG_WARN_BOOL_CONVERSION = YES;
				CLANG_WARN_COMMA = YES;
				CLANG_WARN_CONSTANT_CONVERSION = YES;
				CLANG_WARN_DEPRECATED_OBJC_IMPLEMENTATIONS = YES;
				CLANG_WARN_DIRECT_OBJC_ISA_USAGE = YES_ERROR;
				CLANG_WARN_DOCUMENTATION_COMMENTS = YES;
				CLANG_WARN_EMPTY_BODY = YES;
				CLANG_WARN_ENUM_CONVERSION = YES;
				CLANG_WARN_INFINITE_RECURSION = YES;
				CLANG_WARN_INT_CONVERSION = YES;
				CLANG_WARN_NON_LITERAL_NULL_CONVERSION = YES;
				CLANG_WARN_OBJC_IMPLICIT_RETAIN_SELF = YES;
				CLANG_WARN_OBJC_LITERAL_CONVERSION = YES;
				CLANG_WARN_OBJC_ROOT_CLASS = YES_ERROR;
				CLANG_WARN_QUOTED_INCLUDE_IN_FRAMEWORK_HEADER = YES;
				CLANG_WARN_RANGE_LOOP_ANALYSIS = YES;
				CLANG_WARN_STRICT_PROTOTYPES = YES;
				CLANG_WARN_SUSPICIOUS_MOVE = YES;
				CLANG_WARN_UNGUARDED_AVAILABILITY = YES_AGGRESSIVE;
				CLANG_WARN_UNREACHABLE_CODE = YES;
				CLANG_WARN__DUPLICATE_METHOD_MATCH = YES;
				COPY_PHASE_STRIP = NO;
				DEBUG_INFORMATION_FORMAT = "dwarf-with-dsym";
				ENABLE_NS_ASSERTIONS = NO;
				ENABLE_STRICT_OBJC_MSGSEND = YES;
				GCC_C_LANGUAGE_STANDARD = gnu11;
				GCC_NO_COMMON_BLOCKS = YES;
				GCC_WARN_64_TO_32_BIT_CONVERSION = YES;
				GCC_WARN_ABOUT_RETURN_TYPE = YES_ERROR;
				GCC_WARN_UNDECLARED_SELECTOR = YES;
				GCC_WARN_UNINITIALIZED_AUTOS = YES_AGGRESSIVE;
				GCC_WARN_UNUSED_FUNCTION = YES;
				GCC_WARN_UNUSED_VARIABLE = YES;
				IPHONEOS_DEPLOYMENT_TARGET = 16.2;
				MTL_ENABLE_DEBUG_INFO = NO;
				MTL_FAST_MATH = YES;
				SDKROOT = iphoneos;
				SWIFT_COMPILATION_MODE = wholemodule;
				SWIFT_OPTIMIZATION_LEVEL = "-O";
				VALIDATE_PRODUCT = YES;
			};
			name = Release;
		};
		87680E212B2D93D400CF30F7 /* Debug */ = {
			isa = XCBuildConfiguration;
			buildSettings = {
				ASSETCATALOG_COMPILER_APPICON_NAME = AppIcon;
				ASSETCATALOG_COMPILER_GLOBAL_ACCENT_COLOR_NAME = AccentColor;
				CODE_SIGN_STYLE = Automatic;
				CURRENT_PROJECT_VERSION = 1;
				DEVELOPMENT_ASSET_PATHS = "\"Todo/Preview Content\"";
				DEVELOPMENT_TEAM = ML2CJSB2YZ;
				ENABLE_PREVIEWS = YES;
				GENERATE_INFOPLIST_FILE = YES;
				INFOPLIST_KEY_CFBundleDisplayName = Spark;
				INFOPLIST_KEY_UIApplicationSceneManifest_Generation = YES;
				INFOPLIST_KEY_UIApplicationSupportsIndirectInputEvents = YES;
				INFOPLIST_KEY_UILaunchScreen_Generation = YES;
				INFOPLIST_KEY_UISupportedInterfaceOrientations = UIInterfaceOrientationPortrait;
				INFOPLIST_KEY_UISupportedInterfaceOrientations_iPad = "UIInterfaceOrientationLandscapeLeft UIInterfaceOrientationLandscapeRight UIInterfaceOrientationPortrait UIInterfaceOrientationPortraitUpsideDown";
				LD_RUNPATH_SEARCH_PATHS = (
					"$(inherited)",
					"@executable_path/Frameworks",
				);
				MARKETING_VERSION = 1.0;
				PRODUCT_BUNDLE_IDENTIFIER = com.jjh.Todo;
				PRODUCT_NAME = "$(TARGET_NAME)";
				SWIFT_EMIT_LOC_STRINGS = YES;
				SWIFT_VERSION = 5.0;
				TARGETED_DEVICE_FAMILY = "1,2";
			};
			name = Debug;
		};
		87680E222B2D93D400CF30F7 /* Release */ = {
			isa = XCBuildConfiguration;
			buildSettings = {
				ASSETCATALOG_COMPILER_APPICON_NAME = AppIcon;
				ASSETCATALOG_COMPILER_GLOBAL_ACCENT_COLOR_NAME = AccentColor;
				CODE_SIGN_STYLE = Automatic;
				CURRENT_PROJECT_VERSION = 1;
				DEVELOPMENT_ASSET_PATHS = "\"Todo/Preview Content\"";
				DEVELOPMENT_TEAM = ML2CJSB2YZ;
				ENABLE_PREVIEWS = YES;
				GENERATE_INFOPLIST_FILE = YES;
				INFOPLIST_KEY_CFBundleDisplayName = Spark;
				INFOPLIST_KEY_UIApplicationSceneManifest_Generation = YES;
				INFOPLIST_KEY_UIApplicationSupportsIndirectInputEvents = YES;
				INFOPLIST_KEY_UILaunchScreen_Generation = YES;
				INFOPLIST_KEY_UISupportedInterfaceOrientations = UIInterfaceOrientationPortrait;
				INFOPLIST_KEY_UISupportedInterfaceOrientations_iPad = "UIInterfaceOrientationLandscapeLeft UIInterfaceOrientationLandscapeRight UIInterfaceOrientationPortrait UIInterfaceOrientationPortraitUpsideDown";
				LD_RUNPATH_SEARCH_PATHS = (
					"$(inherited)",
					"@executable_path/Frameworks",
				);
				MARKETING_VERSION = 1.0;
				PRODUCT_BUNDLE_IDENTIFIER = com.jjh.Todo;
				PRODUCT_NAME = "$(TARGET_NAME)";
				SWIFT_EMIT_LOC_STRINGS = YES;
				SWIFT_VERSION = 5.0;
				TARGETED_DEVICE_FAMILY = "1,2";
			};
			name = Release;
		};
/* End XCBuildConfiguration section */

/* Begin XCConfigurationList section */
		87680E0D2B2D93D100CF30F7 /* Build configuration list for PBXProject "Todo" */ = {
			isa = XCConfigurationList;
			buildConfigurations = (
				87680E1E2B2D93D400CF30F7 /* Debug */,
				87680E1F2B2D93D400CF30F7 /* Release */,
			);
			defaultConfigurationIsVisible = 0;
			defaultConfigurationName = Release;
		};
		87680E202B2D93D400CF30F7 /* Build configuration list for PBXNativeTarget "Todo" */ = {
			isa = XCConfigurationList;
			buildConfigurations = (
				87680E212B2D93D400CF30F7 /* Debug */,
				87680E222B2D93D400CF30F7 /* Release */,
			);
			defaultConfigurationIsVisible = 0;
			defaultConfigurationName = Release;
		};
/* End XCConfigurationList section */

/* Begin XCRemoteSwiftPackageReference section */
		8778FEE52B3183BC00B9C08C /* XCRemoteSwiftPackageReference "BetterSafariView" */ = {
			isa = XCRemoteSwiftPackageReference;
			repositoryURL = "https://github.com/stleamist/BetterSafariView";
			requirement = {
				branch = main;
				kind = branch;
			};
		};
/* End XCRemoteSwiftPackageReference section */

/* Begin XCSwiftPackageProductDependency section */
		8778FEE62B3183BC00B9C08C /* BetterSafariView */ = {
			isa = XCSwiftPackageProductDependency;
			package = 8778FEE52B3183BC00B9C08C /* XCRemoteSwiftPackageReference "BetterSafariView" */;
			productName = BetterSafariView;
		};
/* End XCSwiftPackageProductDependency section */
	};
	rootObject = 87680E0A2B2D93D100CF30F7 /* Project object */;
}
